
Microsoft Visual Studio Solution File, Format Version 12.00
# Visual Studio 2013
VisualStudioVersion = 12.0.30723.0
MinimumVisualStudioVersion = 10.0.40219.1
Project("{FAE04EC0-301F-11D3-BF4B-00C04F79EFBC}") = "PrimeAngel", "PrimeAngel\PrimeAngel.csproj", "{F80169C7-6E61-4418-B3F4-38F3E960A74E}"
EndProject
Project("{FAE04EC0-301F-11D3-BF4B-00C04F79EFBC}") = "PrimeAngel.Perceptions", "PrimeAngel.Perceptions\PrimeAngel.Perceptions.csproj", "{5F24A0FA-8B07-4806-A358-EDF2338D2B7A}"
EndProject
Project("{FAE04EC0-301F-11D3-BF4B-00C04F79EFBC}") = "PrimeAngel.PersistentMemory", "PrimeAngel.PersistentMemory\PrimeAngel.PersistentMemory.csproj", "{8CE0878B-121F-4862-80D0-7C3C15C0FD71}"
EndProject
Project("{FAE04EC0-301F-11D3-BF4B-00C04F79EFBC}") = "PrimeAngel.Actuators", "PrimeAngel.Actuators\PrimeAngel.Actuators.csproj", "{AF397B6F-49E4-48DF-8C93-3A71C45F23E5}"
EndProject
Project("{FAE04EC0-301F-11D3-BF4B-00C04F79EFBC}") = "PrimeAngel.Sensors", "PrimeAngel.Sensors\PrimeAngel.Sensors.csproj", "{6914FC9C-E98C-4F47-AC3F-C2FCE21C7FA9}"
EndProject
Project("{FAE04EC0-301F-11D3-BF4B-00C04F79EFBC}") = "PrimeAngel.Infrastructure", "PrimeAngel.Infrastructure\PrimeAngel.Infrastructure.csproj", "{628F8120-0AE0-417D-B526-8073987DBB56}"
EndProject
Global
	GlobalSection(SolutionConfigurationPlatforms) = preSolution
		Debug|Any CPU = Debug|Any CPU
		Release|Any CPU = Release|Any CPU
	EndGlobalSection
	GlobalSection(ProjectConfigurationPlatforms) = postSolution
		{F80169C7-6E61-4418-B3F4-38F3E960A74E}.Debug|Any CPU.ActiveCfg = Debug|Any CPU
		{F80169C7-6E61-4418-B3F4-38F3E960A74E}.Debug|Any CPU.Build.0 = Debug|Any CPU
		{F80169C7-6E61-4418-B3F4-38F3E960A74E}.Release|Any CPU.ActiveCfg = Release|Any CPU
		{F80169C7-6E61-4418-B3F4-38F3E960A74E}.Release|Any CPU.Build.0 = Release|Any CPU
		{5F24A0FA-8B07-4806-A358-EDF2338D2B7A}.Debug|Any CPU.ActiveCfg = Debug|Any CPU
		{5F24A0FA-8B07-4806-A358-EDF2338D2B7A}.Debug|Any CPU.Build.0 = Debug|Any CPU
		{5F24A0FA-8B07-4806-A358-EDF2338D2B7A}.Release|Any CPU.ActiveCfg = Release|Any CPU
		{5F24A0FA-8B07-4806-A358-EDF2338D2B7A}.Release|Any CPU.Build.0 = Release|Any CPU
		{8CE0878B-121F-4862-80D0-7C3C15C0FD71}.Debug|Any CPU.ActiveCfg = Debug|Any CPU
		{8CE0878B-121F-4862-80D0-7C3C15C0FD71}.Debug|Any CPU.Build.0 = Debug|Any CPU
		{8CE0878B-121F-4862-80D0-7C3C15C0FD71}.Release|Any CPU.ActiveCfg = Release|Any CPU
		{8CE0878B-121F-4862-80D0-7C3C15C0FD71}.Release|Any CPU.Build.0 = Release|Any CPU
		{AF397B6F-49E4-48DF-8C93-3A71C45F23E5}.Debug|Any CPU.ActiveCfg = Debug|Any CPU
		{AF397B6F-49E4-48DF-8C93-3A71C45F23E5}.Debug|Any CPU.Build.0 = Debug|Any CPU
		{AF397B6F-49E4-48DF-8C93-3A71C45F23E5}.Release|Any CPU.ActiveCfg = Release|Any CPU
		{AF397B6F-49E4-48DF-8C93-3A71C45F23E5}.Release|Any CPU.Build.0 = Release|Any CPU
		{6914FC9C-E98C-4F47-AC3F-C2FCE21C7FA9}.Debug|Any CPU.ActiveCfg = Debug|Any CPU
		{6914FC9C-E98C-4F47-AC3F-C2FCE21C7FA9}.Debug|Any CPU.Build.0 = Debug|Any CPU
		{6914FC9C-E98C-4F47-AC3F-C2FCE21C7FA9}.Release|Any CPU.ActiveCfg = Release|Any CPU
		{6914FC9C-E98C-4F47-AC3F-C2FCE21C7FA9}.Release|Any CPU.Build.0 = Release|Any CPU
		{628F8120-0AE0-417D-B526-8073987DBB56}.Debug|Any CPU.ActiveCfg = Debug|Any CPU
		{628F8120-0AE0-417D-B526-8073987DBB56}.Debug|Any CPU.Build.0 = Debug|Any CPU
		{628F8120-0AE0-417D-B526-8073987DBB56}.Release|Any CPU.ActiveCfg = Release|Any CPU
		{628F8120-0AE0-417D-B526-8073987DBB56}.Release|Any CPU.Build.0 = Release|Any CPU
	EndGlobalSection
	GlobalSection(SolutionProperties) = preSolution
		HideSolutionNode = FALSE
	EndGlobalSection
EndGlobal
